
Microsoft Visual Studio Solution File, Format Version 12.00
# Visual Studio Version 17
VisualStudioVersion = 17.0.31903.59
MinimumVisualStudioVersion = 10.0.40219.1
Project("{2150E333-8FDC-42A3-9474-1A3956D46DE8}") = "src", "src", "{C66CEB61-5B55-4B69-8F53-6070C4318016}"
EndProject
Project("{FAE04EC0-301F-11D3-BF4B-00C04F79EFBC}") = "TAMS.Domain", "src\TAMS.Domain\TAMS.Domain.csproj", "{A140B13D-6BC3-4A1F-9119-162CE924A448}"
EndProject
Project("{FAE04EC0-301F-11D3-BF4B-00C04F79EFBC}") = "TAMS.Application", "src\TAMS.Application\TAMS.Application.csproj", "{B87646C5-544B-42FA-891D-6C0094133FEB}"
EndProject
Project("{FAE04EC0-301F-11D3-BF4B-00C04F79EFBC}") = "TAMS.Infrastructure", "src\TAMS.Infrastructure\TAMS.Infrastructure.csproj", "{5F0FFADC-2F1E-4BED-8F8C-8DC5935FE730}"
EndProject
Project("{FAE04EC0-301F-11D3-BF4B-00C04F79EFBC}") = "TAMS.Api", "src\TAMS.Api\TAMS.Api.csproj", "{C63205D8-44D9-41DA-B34C-C7784FC030F8}"
EndProject
Project("{FAE04EC0-301F-11D3-BF4B-00C04F79EFBC}") = "TAMS.Worker", "src\TAMS.Worker\TAMS.Worker.csproj", "{99829A6A-8C23-400A-B234-19E028806937}"
EndProject
Project("{2150E333-8FDC-42A3-9474-1A3956D46DE8}") = "tests", "tests", "{37CD7AF2-A6C9-483D-B0D6-34662B87DFAF}"
EndProject
Project("{FAE04EC0-301F-11D3-BF4B-00C04F79EFBC}") = "TAMS.Domain.Tests", "tests\TAMS.Domain.Tests\TAMS.Domain.Tests.csproj", "{6E4D1E94-A2F6-4002-8413-F7649C0C8639}"
EndProject
Project("{FAE04EC0-301F-11D3-BF4B-00C04F79EFBC}") = "TAMS.Application.Tests", "tests\TAMS.Application.Tests\TAMS.Application.Tests.csproj", "{DEFC2835-8467-4CBE-B3DD-C1343766B214}"
EndProject
Project("{FAE04EC0-301F-11D3-BF4B-00C04F79EFBC}") = "TAMS.Architecture.Tests", "tests\TAMS.Architecture.Tests\TAMS.Architecture.Tests.csproj", "{EF059C8D-28C7-43B9-B0A1-585B977DEBAD}"
EndProject
Project("{FAE04EC0-301F-11D3-BF4B-00C04F79EFBC}") = "TAMS.Integration.Tests", "tests\TAMS.Integration.Tests\TAMS.Integration.Tests.csproj", "{16CB424B-9F2D-4FFE-971B-A925D0B63422}"
EndProject
Global
	GlobalSection(SolutionConfigurationPlatforms) = preSolution
		Debug|Any CPU = Debug|Any CPU
		Release|Any CPU = Release|Any CPU
	EndGlobalSection
	GlobalSection(SolutionProperties) = preSolution
		HideSolutionNode = FALSE
	EndGlobalSection
	GlobalSection(ProjectConfigurationPlatforms) = postSolution
		{A140B13D-6BC3-4A1F-9119-162CE924A448}.Debug|Any CPU.ActiveCfg = Debug|Any CPU
		{A140B13D-6BC3-4A1F-9119-162CE924A448}.Debug|Any CPU.Build.0 = Debug|Any CPU
		{A140B13D-6BC3-4A1F-9119-162CE924A448}.Release|Any CPU.ActiveCfg = Release|Any CPU
		{A140B13D-6BC3-4A1F-9119-162CE924A448}.Release|Any CPU.Build.0 = Release|Any CPU
		{B87646C5-544B-42FA-891D-6C0094133FEB}.Debug|Any CPU.ActiveCfg = Debug|Any CPU
		{B87646C5-544B-42FA-891D-6C0094133FEB}.Debug|Any CPU.Build.0 = Debug|Any CPU
		{B87646C5-544B-42FA-891D-6C0094133FEB}.Release|Any CPU.ActiveCfg = Release|Any CPU
		{B87646C5-544B-42FA-891D-6C0094133FEB}.Release|Any CPU.Build.0 = Release|Any CPU
		{5F0FFADC-2F1E-4BED-8F8C-8DC5935FE730}.Debug|Any CPU.ActiveCfg = Debug|Any CPU
		{5F0FFADC-2F1E-4BED-8F8C-8DC5935FE730}.Debug|Any CPU.Build.0 = Debug|Any CPU
		{5F0FFADC-2F1E-4BED-8F8C-8DC5935FE730}.Release|Any CPU.ActiveCfg = Release|Any CPU
		{5F0FFADC-2F1E-4BED-8F8C-8DC5935FE730}.Release|Any CPU.Build.0 = Release|Any CPU
		{C63205D8-44D9-41DA-B34C-C7784FC030F8}.Debug|Any CPU.ActiveCfg = Debug|Any CPU
		{C63205D8-44D9-41DA-B34C-C7784FC030F8}.Debug|Any CPU.Build.0 = Debug|Any CPU
		{C63205D8-44D9-41DA-B34C-C7784FC030F8}.Release|Any CPU.ActiveCfg = Release|Any CPU
		{C63205D8-44D9-41DA-B34C-C7784FC030F8}.Release|Any CPU.Build.0 = Release|Any CPU
		{99829A6A-8C23-400A-B234-19E028806937}.Debug|Any CPU.ActiveCfg = Debug|Any CPU
		{99829A6A-8C23-400A-B234-19E028806937}.Debug|Any CPU.Build.0 = Debug|Any CPU
		{99829A6A-8C23-400A-B234-19E028806937}.Release|Any CPU.ActiveCfg = Release|Any CPU
		{99829A6A-8C23-400A-B234-19E028806937}.Release|Any CPU.Build.0 = Release|Any CPU
		{6E4D1E94-A2F6-4002-8413-F7649C0C8639}.Debug|Any CPU.ActiveCfg = Debug|Any CPU
		{6E4D1E94-A2F6-4002-8413-F7649C0C8639}.Debug|Any CPU.Build.0 = Debug|Any CPU
		{6E4D1E94-A2F6-4002-8413-F7649C0C8639}.Release|Any CPU.ActiveCfg = Release|Any CPU
		{6E4D1E94-A2F6-4002-8413-F7649C0C8639}.Release|Any CPU.Build.0 = Release|Any CPU
		{DEFC2835-8467-4CBE-B3DD-C1343766B214}.Debug|Any CPU.ActiveCfg = Debug|Any CPU
		{DEFC2835-8467-4CBE-B3DD-C1343766B214}.Debug|Any CPU.Build.0 = Debug|Any CPU
		{DEFC2835-8467-4CBE-B3DD-C1343766B214}.Release|Any CPU.ActiveCfg = Release|Any CPU
		{DEFC2835-8467-4CBE-B3DD-C1343766B214}.Release|Any CPU.Build.0 = Release|Any CPU
		{EF059C8D-28C7-43B9-B0A1-585B977DEBAD}.Debug|Any CPU.ActiveCfg = Debug|Any CPU
		{EF059C8D-28C7-43B9-B0A1-585B977DEBAD}.Debug|Any CPU.Build.0 = Debug|Any CPU
		{EF059C8D-28C7-43B9-B0A1-585B977DEBAD}.Release|Any CPU.ActiveCfg = Release|Any CPU
		{EF059C8D-28C7-43B9-B0A1-585B977DEBAD}.Release|Any CPU.Build.0 = Release|Any CPU
		{16CB424B-9F2D-4FFE-971B-A925D0B63422}.Debug|Any CPU.ActiveCfg = Debug|Any CPU
		{16CB424B-9F2D-4FFE-971B-A925D0B63422}.Debug|Any CPU.Build.0 = Debug|Any CPU
		{16CB424B-9F2D-4FFE-971B-A925D0B63422}.Release|Any CPU.ActiveCfg = Release|Any CPU
		{16CB424B-9F2D-4FFE-971B-A925D0B63422}.Release|Any CPU.Build.0 = Release|Any CPU
	EndGlobalSection
	GlobalSection(NestedProjects) = preSolution
		{A140B13D-6BC3-4A1F-9119-162CE924A448} = {C66CEB61-5B55-4B69-8F53-6070C4318016}
		{B87646C5-544B-42FA-891D-6C0094133FEB} = {C66CEB61-5B55-4B69-8F53-6070C4318016}
		{5F0FFADC-2F1E-4BED-8F8C-8DC5935FE730} = {C66CEB61-5B55-4B69-8F53-6070C4318016}
		{C63205D8-44D9-41DA-B34C-C7784FC030F8} = {C66CEB61-5B55-4B69-8F53-6070C4318016}
		{99829A6A-8C23-400A-B234-19E028806937} = {C66CEB61-5B55-4B69-8F53-6070C4318016}
		{6E4D1E94-A2F6-4002-8413-F7649C0C8639} = {37CD7AF2-A6C9-483D-B0D6-34662B87DFAF}
		{DEFC2835-8467-4CBE-B3DD-C1343766B214} = {37CD7AF2-A6C9-483D-B0D6-34662B87DFAF}
		{EF059C8D-28C7-43B9-B0A1-585B977DEBAD} = {37CD7AF2-A6C9-483D-B0D6-34662B87DFAF}
		{16CB424B-9F2D-4FFE-971B-A925D0B63422} = {37CD7AF2-A6C9-483D-B0D6-34662B87DFAF}
	EndGlobalSection
EndGlobal
